// !$*UTF8*$!
{
	archiveVersion = 1;
	classes = {
	};
	objectVersion = 50;
	objects = {

/* Begin PBXBuildFile section */
		0BBCB92126AB0C2900AF68C0 /* Konboarding.framework in Frameworks */ = {isa = PBXBuildFile; fileRef = 0BE8652326A85D6200F69F2D /* Konboarding.framework */; };
		0BBCB92226AB0C2900AF68C0 /* Konboarding.framework in Embed Frameworks */ = {isa = PBXBuildFile; fileRef = 0BE8652326A85D6200F69F2D /* Konboarding.framework */; settings = {ATTRIBUTES = (CodeSignOnCopy, RemoveHeadersOnCopy, ); }; };
		0BE8652826A85D6200F69F2D /* Konboarding.h in Headers */ = {isa = PBXBuildFile; fileRef = 0BE8652626A85D6200F69F2D /* Konboarding.h */; settings = {ATTRIBUTES = (Public, ); }; };
		0BE8653626A860A200F69F2D /* AppDelegate.m in Sources */ = {isa = PBXBuildFile; fileRef = 0BE8653526A860A200F69F2D /* AppDelegate.m */; };
		0BE8653926A860A200F69F2D /* SceneDelegate.m in Sources */ = {isa = PBXBuildFile; fileRef = 0BE8653826A860A200F69F2D /* SceneDelegate.m */; };
		0BE8653C26A860A200F69F2D /* ViewController.m in Sources */ = {isa = PBXBuildFile; fileRef = 0BE8653B26A860A200F69F2D /* ViewController.m */; };
		0BE8653F26A860A200F69F2D /* Main.storyboard in Resources */ = {isa = PBXBuildFile; fileRef = 0BE8653D26A860A200F69F2D /* Main.storyboard */; };
		0BE8654126A860A400F69F2D /* Assets.xcassets in Resources */ = {isa = PBXBuildFile; fileRef = 0BE8654026A860A400F69F2D /* Assets.xcassets */; };
		0BE8654426A860A400F69F2D /* LaunchScreen.storyboard in Resources */ = {isa = PBXBuildFile; fileRef = 0BE8654226A860A400F69F2D /* LaunchScreen.storyboard */; };
		0BE8654726A860A400F69F2D /* main.m in Sources */ = {isa = PBXBuildFile; fileRef = 0BE8654626A860A400F69F2D /* main.m */; };
		0BE8655426A8656F00F69F2D /* KonboardingViewController.h in Headers */ = {isa = PBXBuildFile; fileRef = 0BE8655226A8656F00F69F2D /* KonboardingViewController.h */; };
		0BE8655526A8656F00F69F2D /* KonboardingViewController.m in Sources */ = {isa = PBXBuildFile; fileRef = 0BE8655326A8656F00F69F2D /* KonboardingViewController.m */; };
		0BE8655926A8687B00F69F2D /* PageViewController.h in Headers */ = {isa = PBXBuildFile; fileRef = 0BE8655726A8687B00F69F2D /* PageViewController.h */; };
		0BE8655A26A8687B00F69F2D /* PageViewController.m in Sources */ = {isa = PBXBuildFile; fileRef = 0BE8655826A8687B00F69F2D /* PageViewController.m */; };
		0BE8655C26A86D3200F69F2D /* Page.m in Sources */ = {isa = PBXBuildFile; fileRef = 0BE8655B26A86D3200F69F2D /* Page.m */; };
		0BE8655E26A9A75F00F69F2D /* Page.h in Headers */ = {isa = PBXBuildFile; fileRef = 0BE8655D26A9A75F00F69F2D /* Page.h */; };
		0BE8656226AAF33800F69F2D /* KonboardingViewModel.h in Headers */ = {isa = PBXBuildFile; fileRef = 0BE8656026AAF33800F69F2D /* KonboardingViewModel.h */; };
		0BE8656326AAF33800F69F2D /* KonboardingViewModel.m in Sources */ = {isa = PBXBuildFile; fileRef = 0BE8656126AAF33800F69F2D /* KonboardingViewModel.m */; };
		AF1FE7D426AEF41C00EA99D0 /* PageViewModel.h in Headers */ = {isa = PBXBuildFile; fileRef = AF1FE7D226AEF41C00EA99D0 /* PageViewModel.h */; };
		AF1FE7D526AEF41C00EA99D0 /* PageViewModel.m in Sources */ = {isa = PBXBuildFile; fileRef = AF1FE7D326AEF41C00EA99D0 /* PageViewModel.m */; };
		AF9863F326B0EF9700159A30 /* KonboardingViewControllerDelegate.h in Headers */ = {isa = PBXBuildFile; fileRef = AF9863F226B0EF9700159A30 /* KonboardingViewControllerDelegate.h */; };
/* End PBXBuildFile section */

/* Begin PBXContainerItemProxy section */
		0BBCB92326AB0C2900AF68C0 /* PBXContainerItemProxy */ = {
			isa = PBXContainerItemProxy;
			containerPortal = 0BE8651A26A85D6200F69F2D /* Project object */;
			proxyType = 1;
			remoteGlobalIDString = 0BE8652226A85D6200F69F2D;
			remoteInfo = Konboarding;
		};
/* End PBXContainerItemProxy section */

/* Begin PBXCopyFilesBuildPhase section */
		0BBCB92526AB0C2900AF68C0 /* Embed Frameworks */ = {
			isa = PBXCopyFilesBuildPhase;
			buildActionMask = 2147483647;
			dstPath = "";
			dstSubfolderSpec = 10;
			files = (
				0BBCB92226AB0C2900AF68C0 /* Konboarding.framework in Embed Frameworks */,
			);
			name = "Embed Frameworks";
			runOnlyForDeploymentPostprocessing = 0;
		};
/* End PBXCopyFilesBuildPhase section */

/* Begin PBXFileReference section */
		0BE8652326A85D6200F69F2D /* Konboarding.framework */ = {isa = PBXFileReference; explicitFileType = wrapper.framework; includeInIndex = 0; path = Konboarding.framework; sourceTree = BUILT_PRODUCTS_DIR; };
		0BE8652626A85D6200F69F2D /* Konboarding.h */ = {isa = PBXFileReference; lastKnownFileType = sourcecode.c.h; path = Konboarding.h; sourceTree = "<group>"; };
		0BE8652726A85D6200F69F2D /* Info.plist */ = {isa = PBXFileReference; lastKnownFileType = text.plist.xml; path = Info.plist; sourceTree = "<group>"; };
		0BE8653226A860A200F69F2D /* KonboardingProject.app */ = {isa = PBXFileReference; explicitFileType = wrapper.application; includeInIndex = 0; path = KonboardingProject.app; sourceTree = BUILT_PRODUCTS_DIR; };
		0BE8653426A860A200F69F2D /* AppDelegate.h */ = {isa = PBXFileReference; lastKnownFileType = sourcecode.c.h; path = AppDelegate.h; sourceTree = "<group>"; };
		0BE8653526A860A200F69F2D /* AppDelegate.m */ = {isa = PBXFileReference; lastKnownFileType = sourcecode.c.objc; path = AppDelegate.m; sourceTree = "<group>"; };
		0BE8653726A860A200F69F2D /* SceneDelegate.h */ = {isa = PBXFileReference; lastKnownFileType = sourcecode.c.h; path = SceneDelegate.h; sourceTree = "<group>"; };
		0BE8653826A860A200F69F2D /* SceneDelegate.m */ = {isa = PBXFileReference; lastKnownFileType = sourcecode.c.objc; path = SceneDelegate.m; sourceTree = "<group>"; };
		0BE8653A26A860A200F69F2D /* ViewController.h */ = {isa = PBXFileReference; lastKnownFileType = sourcecode.c.h; path = ViewController.h; sourceTree = "<group>"; };
		0BE8653B26A860A200F69F2D /* ViewController.m */ = {isa = PBXFileReference; lastKnownFileType = sourcecode.c.objc; path = ViewController.m; sourceTree = "<group>"; };
		0BE8653E26A860A200F69F2D /* Base */ = {isa = PBXFileReference; lastKnownFileType = file.storyboard; name = Base; path = Base.lproj/Main.storyboard; sourceTree = "<group>"; };
		0BE8654026A860A400F69F2D /* Assets.xcassets */ = {isa = PBXFileReference; lastKnownFileType = folder.assetcatalog; path = Assets.xcassets; sourceTree = "<group>"; };
		0BE8654326A860A400F69F2D /* Base */ = {isa = PBXFileReference; lastKnownFileType = file.storyboard; name = Base; path = Base.lproj/LaunchScreen.storyboard; sourceTree = "<group>"; };
		0BE8654526A860A400F69F2D /* Info.plist */ = {isa = PBXFileReference; lastKnownFileType = text.plist.xml; path = Info.plist; sourceTree = "<group>"; };
		0BE8654626A860A400F69F2D /* main.m */ = {isa = PBXFileReference; lastKnownFileType = sourcecode.c.objc; path = main.m; sourceTree = "<group>"; };
		0BE8655226A8656F00F69F2D /* KonboardingViewController.h */ = {isa = PBXFileReference; lastKnownFileType = sourcecode.c.h; path = KonboardingViewController.h; sourceTree = "<group>"; };
		0BE8655326A8656F00F69F2D /* KonboardingViewController.m */ = {isa = PBXFileReference; lastKnownFileType = sourcecode.c.objc; path = KonboardingViewController.m; sourceTree = "<group>"; };
		0BE8655726A8687B00F69F2D /* PageViewController.h */ = {isa = PBXFileReference; lastKnownFileType = sourcecode.c.h; path = PageViewController.h; sourceTree = "<group>"; };
		0BE8655826A8687B00F69F2D /* PageViewController.m */ = {isa = PBXFileReference; lastKnownFileType = sourcecode.c.objc; path = PageViewController.m; sourceTree = "<group>"; };
		0BE8655B26A86D3200F69F2D /* Page.m */ = {isa = PBXFileReference; lastKnownFileType = sourcecode.c.objc; path = Page.m; sourceTree = "<group>"; };
		0BE8655D26A9A75F00F69F2D /* Page.h */ = {isa = PBXFileReference; lastKnownFileType = sourcecode.c.h; path = Page.h; sourceTree = "<group>"; };
		0BE8656026AAF33800F69F2D /* KonboardingViewModel.h */ = {isa = PBXFileReference; lastKnownFileType = sourcecode.c.h; path = KonboardingViewModel.h; sourceTree = "<group>"; };
		0BE8656126AAF33800F69F2D /* KonboardingViewModel.m */ = {isa = PBXFileReference; lastKnownFileType = sourcecode.c.objc; path = KonboardingViewModel.m; sourceTree = "<group>"; };
		AF1FE7D226AEF41C00EA99D0 /* PageViewModel.h */ = {isa = PBXFileReference; lastKnownFileType = sourcecode.c.h; path = PageViewModel.h; sourceTree = "<group>"; };
		AF1FE7D326AEF41C00EA99D0 /* PageViewModel.m */ = {isa = PBXFileReference; lastKnownFileType = sourcecode.c.objc; path = PageViewModel.m; sourceTree = "<group>"; };
		AF9863F226B0EF9700159A30 /* KonboardingViewControllerDelegate.h */ = {isa = PBXFileReference; lastKnownFileType = sourcecode.c.h; path = KonboardingViewControllerDelegate.h; sourceTree = "<group>"; };
/* End PBXFileReference section */

/* Begin PBXFrameworksBuildPhase section */
		0BE8652026A85D6200F69F2D /* Frameworks */ = {
			isa = PBXFrameworksBuildPhase;
			buildActionMask = 2147483647;
			files = (
			);
			runOnlyForDeploymentPostprocessing = 0;
		};
		0BE8652F26A860A200F69F2D /* Frameworks */ = {
			isa = PBXFrameworksBuildPhase;
			buildActionMask = 2147483647;
			files = (
				0BBCB92126AB0C2900AF68C0 /* Konboarding.framework in Frameworks */,
			);
			runOnlyForDeploymentPostprocessing = 0;
		};
/* End PBXFrameworksBuildPhase section */

/* Begin PBXGroup section */
		0BBCB91B26AAFF0200AF68C0 /* Frameworks */ = {
			isa = PBXGroup;
			children = (
			);
			name = Frameworks;
			sourceTree = "<group>";
		};
		0BE8651926A85D6200F69F2D = {
			isa = PBXGroup;
			children = (
				0BE8652526A85D6200F69F2D /* Konboarding */,
				0BE8653326A860A200F69F2D /* KonboardingProject */,
				0BE8652426A85D6200F69F2D /* Products */,
				0BBCB91B26AAFF0200AF68C0 /* Frameworks */,
			);
			sourceTree = "<group>";
		};
		0BE8652426A85D6200F69F2D /* Products */ = {
			isa = PBXGroup;
			children = (
				0BE8652326A85D6200F69F2D /* Konboarding.framework */,
				0BE8653226A860A200F69F2D /* KonboardingProject.app */,
			);
			name = Products;
			sourceTree = "<group>";
		};
		0BE8652526A85D6200F69F2D /* Konboarding */ = {
			isa = PBXGroup;
			children = (
				0BE8655F26AAF2D100F69F2D /* ViewModel */,
				0BE8655626A865B300F69F2D /* Shared */,
				0BE8655126A863FA00F69F2D /* Model */,
				0BE8655026A863F000F69F2D /* View */,
			);
			path = Konboarding;
			sourceTree = "<group>";
		};
		0BE8653326A860A200F69F2D /* KonboardingProject */ = {
			isa = PBXGroup;
			children = (
				0BE8654E26A8616C00F69F2D /* Model */,
				0BE8654D26A8615800F69F2D /* Shared */,
				0BE8654C26A860DF00F69F2D /* View */,
				0BE8654B26A860C500F69F2D /* Controller */,
				0BE8654026A860A400F69F2D /* Assets.xcassets */,
			);
			path = KonboardingProject;
			sourceTree = "<group>";
		};
		0BE8654B26A860C500F69F2D /* Controller */ = {
			isa = PBXGroup;
			children = (
				0BE8653A26A860A200F69F2D /* ViewController.h */,
				0BE8653B26A860A200F69F2D /* ViewController.m */,
			);
			path = Controller;
			sourceTree = "<group>";
		};
		0BE8654C26A860DF00F69F2D /* View */ = {
			isa = PBXGroup;
			children = (
				0BE8654226A860A400F69F2D /* LaunchScreen.storyboard */,
				0BE8653D26A860A200F69F2D /* Main.storyboard */,
			);
			path = View;
			sourceTree = "<group>";
		};
		0BE8654D26A8615800F69F2D /* Shared */ = {
			isa = PBXGroup;
			children = (
				0BE8654626A860A400F69F2D /* main.m */,
				0BE8654526A860A400F69F2D /* Info.plist */,
				0BE8653426A860A200F69F2D /* AppDelegate.h */,
				0BE8653526A860A200F69F2D /* AppDelegate.m */,
				0BE8653726A860A200F69F2D /* SceneDelegate.h */,
				0BE8653826A860A200F69F2D /* SceneDelegate.m */,
			);
			path = Shared;
			sourceTree = "<group>";
		};
		0BE8654E26A8616C00F69F2D /* Model */ = {
			isa = PBXGroup;
			children = (
			);
			path = Model;
			sourceTree = "<group>";
		};
		0BE8655026A863F000F69F2D /* View */ = {
			isa = PBXGroup;
			children = (
				0BE8655226A8656F00F69F2D /* KonboardingViewController.h */,
				0BE8655326A8656F00F69F2D /* KonboardingViewController.m */,
				0BE8655726A8687B00F69F2D /* PageViewController.h */,
				0BE8655826A8687B00F69F2D /* PageViewController.m */,
			);
			path = View;
			sourceTree = "<group>";
		};
		0BE8655126A863FA00F69F2D /* Model */ = {
			isa = PBXGroup;
			children = (
				0BE8655D26A9A75F00F69F2D /* Page.h */,
				0BE8655B26A86D3200F69F2D /* Page.m */,
				AF9863F226B0EF9700159A30 /* KonboardingViewControllerDelegate.h */,
			);
			path = Model;
			sourceTree = "<group>";
		};
		0BE8655626A865B300F69F2D /* Shared */ = {
			isa = PBXGroup;
			children = (
				0BE8652626A85D6200F69F2D /* Konboarding.h */,
				0BE8652726A85D6200F69F2D /* Info.plist */,
			);
			path = Shared;
			sourceTree = "<group>";
		};
		0BE8655F26AAF2D100F69F2D /* ViewModel */ = {
			isa = PBXGroup;
			children = (
				0BE8656026AAF33800F69F2D /* KonboardingViewModel.h */,
				0BE8656126AAF33800F69F2D /* KonboardingViewModel.m */,
				AF1FE7D226AEF41C00EA99D0 /* PageViewModel.h */,
				AF1FE7D326AEF41C00EA99D0 /* PageViewModel.m */,
			);
			path = ViewModel;
			sourceTree = "<group>";
		};
/* End PBXGroup section */

/* Begin PBXHeadersBuildPhase section */
		0BE8651E26A85D6200F69F2D /* Headers */ = {
			isa = PBXHeadersBuildPhase;
			buildActionMask = 2147483647;
			files = (
				0BE8655926A8687B00F69F2D /* PageViewController.h in Headers */,
				0BE8656226AAF33800F69F2D /* KonboardingViewModel.h in Headers */,
				AF1FE7D426AEF41C00EA99D0 /* PageViewModel.h in Headers */,
				AF9863F326B0EF9700159A30 /* KonboardingViewControllerDelegate.h in Headers */,
				0BE8655426A8656F00F69F2D /* KonboardingViewController.h in Headers */,
				0BE8655E26A9A75F00F69F2D /* Page.h in Headers */,
				0BE8652826A85D6200F69F2D /* Konboarding.h in Headers */,
			);
			runOnlyForDeploymentPostprocessing = 0;
		};
/* End PBXHeadersBuildPhase section */

/* Begin PBXNativeTarget section */
		0BE8652226A85D6200F69F2D /* Konboarding */ = {
			isa = PBXNativeTarget;
			buildConfigurationList = 0BE8652B26A85D6200F69F2D /* Build configuration list for PBXNativeTarget "Konboarding" */;
			buildPhases = (
				0BE8651E26A85D6200F69F2D /* Headers */,
				0BE8651F26A85D6200F69F2D /* Sources */,
				0BE8652026A85D6200F69F2D /* Frameworks */,
				0BE8652126A85D6200F69F2D /* Resources */,
			);
			buildRules = (
			);
			dependencies = (
			);
			name = Konboarding;
			productName = Konboarding;
			productReference = 0BE8652326A85D6200F69F2D /* Konboarding.framework */;
			productType = "com.apple.product-type.framework";
		};
		0BE8653126A860A200F69F2D /* KonboardingProject */ = {
			isa = PBXNativeTarget;
			buildConfigurationList = 0BE8654826A860A400F69F2D /* Build configuration list for PBXNativeTarget "KonboardingProject" */;
			buildPhases = (
				0BE8652E26A860A200F69F2D /* Sources */,
				0BE8652F26A860A200F69F2D /* Frameworks */,
				0BE8653026A860A200F69F2D /* Resources */,
				0BBCB92526AB0C2900AF68C0 /* Embed Frameworks */,
			);
			buildRules = (
			);
			dependencies = (
				0BBCB92426AB0C2900AF68C0 /* PBXTargetDependency */,
			);
			name = KonboardingProject;
			productName = KonboardingProject;
			productReference = 0BE8653226A860A200F69F2D /* KonboardingProject.app */;
			productType = "com.apple.product-type.application";
		};
/* End PBXNativeTarget section */

/* Begin PBXProject section */
		0BE8651A26A85D6200F69F2D /* Project object */ = {
			isa = PBXProject;
			attributes = {
				LastUpgradeCheck = 1250;
				TargetAttributes = {
					0BE8652226A85D6200F69F2D = {
						CreatedOnToolsVersion = 12.5.1;
					};
					0BE8653126A860A200F69F2D = {
						CreatedOnToolsVersion = 12.5.1;
					};
				};
			};
			buildConfigurationList = 0BE8651D26A85D6200F69F2D /* Build configuration list for PBXProject "Konboarding" */;
			compatibilityVersion = "Xcode 9.3";
			developmentRegion = en;
			hasScannedForEncodings = 0;
			knownRegions = (
				en,
				Base,
			);
			mainGroup = 0BE8651926A85D6200F69F2D;
			productRefGroup = 0BE8652426A85D6200F69F2D /* Products */;
			projectDirPath = "";
			projectRoot = "";
			targets = (
				0BE8652226A85D6200F69F2D /* Konboarding */,
				0BE8653126A860A200F69F2D /* KonboardingProject */,
			);
		};
/* End PBXProject section */

/* Begin PBXResourcesBuildPhase section */
		0BE8652126A85D6200F69F2D /* Resources */ = {
			isa = PBXResourcesBuildPhase;
			buildActionMask = 2147483647;
			files = (
			);
			runOnlyForDeploymentPostprocessing = 0;
		};
		0BE8653026A860A200F69F2D /* Resources */ = {
			isa = PBXResourcesBuildPhase;
			buildActionMask = 2147483647;
			files = (
				0BE8654426A860A400F69F2D /* LaunchScreen.storyboard in Resources */,
				0BE8654126A860A400F69F2D /* Assets.xcassets in Resources */,
				0BE8653F26A860A200F69F2D /* Main.storyboard in Resources */,
			);
			runOnlyForDeploymentPostprocessing = 0;
		};
/* End PBXResourcesBuildPhase section */

/* Begin PBXSourcesBuildPhase section */
		0BE8651F26A85D6200F69F2D /* Sources */ = {
			isa = PBXSourcesBuildPhase;
			buildActionMask = 2147483647;
			files = (
				0BE8655526A8656F00F69F2D /* KonboardingViewController.m in Sources */,
				AF1FE7D526AEF41C00EA99D0 /* PageViewModel.m in Sources */,
				0BE8655A26A8687B00F69F2D /* PageViewController.m in Sources */,
				0BE8655C26A86D3200F69F2D /* Page.m in Sources */,
				0BE8656326AAF33800F69F2D /* KonboardingViewModel.m in Sources */,
			);
			runOnlyForDeploymentPostprocessing = 0;
		};
		0BE8652E26A860A200F69F2D /* Sources */ = {
			isa = PBXSourcesBuildPhase;
			buildActionMask = 2147483647;
			files = (
				0BE8653C26A860A200F69F2D /* ViewController.m in Sources */,
				0BE8653626A860A200F69F2D /* AppDelegate.m in Sources */,
				0BE8654726A860A400F69F2D /* main.m in Sources */,
				0BE8653926A860A200F69F2D /* SceneDelegate.m in Sources */,
			);
			runOnlyForDeploymentPostprocessing = 0;
		};
/* End PBXSourcesBuildPhase section */

/* Begin PBXTargetDependency section */
		0BBCB92426AB0C2900AF68C0 /* PBXTargetDependency */ = {
			isa = PBXTargetDependency;
			target = 0BE8652226A85D6200F69F2D /* Konboarding */;
			targetProxy = 0BBCB92326AB0C2900AF68C0 /* PBXContainerItemProxy */;
		};
/* End PBXTargetDependency section */

/* Begin PBXVariantGroup section */
		0BE8653D26A860A200F69F2D /* Main.storyboard */ = {
			isa = PBXVariantGroup;
			children = (
				0BE8653E26A860A200F69F2D /* Base */,
			);
			name = Main.storyboard;
			sourceTree = "<group>";
		};
		0BE8654226A860A400F69F2D /* LaunchScreen.storyboard */ = {
			isa = PBXVariantGroup;
			children = (
				0BE8654326A860A400F69F2D /* Base */,
			);
			name = LaunchScreen.storyboard;
			sourceTree = "<group>";
		};
/* End PBXVariantGroup section */

/* Begin XCBuildConfiguration section */
		0BE8652926A85D6200F69F2D /* Debug */ = {
			isa = XCBuildConfiguration;
			buildSettings = {
				ALWAYS_SEARCH_USER_PATHS = NO;
				CLANG_ANALYZER_NONNULL = YES;
				CLANG_ANALYZER_NUMBER_OBJECT_CONVERSION = YES_AGGRESSIVE;
				CLANG_CXX_LANGUAGE_STANDARD = "gnu++14";
				CLANG_CXX_LIBRARY = "libc++";
				CLANG_ENABLE_MODULES = YES;
				CLANG_ENABLE_OBJC_ARC = YES;
				CLANG_ENABLE_OBJC_WEAK = YES;
				CLANG_WARN_BLOCK_CAPTURE_AUTORELEASING = YES;
				CLANG_WARN_BOOL_CONVERSION = YES;
				CLANG_WARN_COMMA = YES;
				CLANG_WARN_CONSTANT_CONVERSION = YES;
				CLANG_WARN_DEPRECATED_OBJC_IMPLEMENTATIONS = YES;
				CLANG_WARN_DIRECT_OBJC_ISA_USAGE = YES_ERROR;
				CLANG_WARN_DOCUMENTATION_COMMENTS = YES;
				CLANG_WARN_EMPTY_BODY = YES;
				CLANG_WARN_ENUM_CONVERSION = YES;
				CLANG_WARN_INFINITE_RECURSION = YES;
				CLANG_WARN_INT_CONVERSION = YES;
				CLANG_WARN_NON_LITERAL_NULL_CONVERSION = YES;
				CLANG_WARN_OBJC_IMPLICIT_RETAIN_SELF = YES;
				CLANG_WARN_OBJC_LITERAL_CONVERSION = YES;
				CLANG_WARN_OBJC_ROOT_CLASS = YES_ERROR;
				CLANG_WARN_QUOTED_INCLUDE_IN_FRAMEWORK_HEADER = YES;
				CLANG_WARN_RANGE_LOOP_ANALYSIS = YES;
				CLANG_WARN_STRICT_PROTOTYPES = YES;
				CLANG_WARN_SUSPICIOUS_MOVE = YES;
				CLANG_WARN_UNGUARDED_AVAILABILITY = YES_AGGRESSIVE;
				CLANG_WARN_UNREACHABLE_CODE = YES;
				CLANG_WARN__DUPLICATE_METHOD_MATCH = YES;
				COPY_PHASE_STRIP = NO;
				CURRENT_PROJECT_VERSION = 1;
				DEBUG_INFORMATION_FORMAT = dwarf;
				ENABLE_STRICT_OBJC_MSGSEND = YES;
				ENABLE_TESTABILITY = YES;
				GCC_C_LANGUAGE_STANDARD = gnu11;
				GCC_DYNAMIC_NO_PIC = NO;
				GCC_NO_COMMON_BLOCKS = YES;
				GCC_OPTIMIZATION_LEVEL = 0;
				GCC_PREPROCESSOR_DEFINITIONS = (
					"DEBUG=1",
					"$(inherited)",
				);
				GCC_WARN_64_TO_32_BIT_CONVERSION = YES;
				GCC_WARN_ABOUT_RETURN_TYPE = YES_ERROR;
				GCC_WARN_UNDECLARED_SELECTOR = YES;
				GCC_WARN_UNINITIALIZED_AUTOS = YES_AGGRESSIVE;
				GCC_WARN_UNUSED_FUNCTION = YES;
				GCC_WARN_UNUSED_VARIABLE = YES;
				IPHONEOS_DEPLOYMENT_TARGET = 14.5;
				MTL_ENABLE_DEBUG_INFO = INCLUDE_SOURCE;
				MTL_FAST_MATH = YES;
				ONLY_ACTIVE_ARCH = YES;
				SDKROOT = iphoneos;
				VERSIONING_SYSTEM = "apple-generic";
				VERSION_INFO_PREFIX = "";
			};
			name = Debug;
		};
		0BE8652A26A85D6200F69F2D /* Release */ = {
			isa = XCBuildConfiguration;
			buildSettings = {
				ALWAYS_SEARCH_USER_PATHS = NO;
				CLANG_ANALYZER_NONNULL = YES;
				CLANG_ANALYZER_NUMBER_OBJECT_CONVERSION = YES_AGGRESSIVE;
				CLANG_CXX_LANGUAGE_STANDARD = "gnu++14";
				CLANG_CXX_LIBRARY = "libc++";
				CLANG_ENABLE_MODULES = YES;
				CLANG_ENABLE_OBJC_ARC = YES;
				CLANG_ENABLE_OBJC_WEAK = YES;
				CLANG_WARN_BLOCK_CAPTURE_AUTORELEASING = YES;
				CLANG_WARN_BOOL_CONVERSION = YES;
				CLANG_WARN_COMMA = YES;
				CLANG_WARN_CONSTANT_CONVERSION = YES;
				CLANG_WARN_DEPRECATED_OBJC_IMPLEMENTATIONS = YES;
				CLANG_WARN_DIRECT_OBJC_ISA_USAGE = YES_ERROR;
				CLANG_WARN_DOCUMENTATION_COMMENTS = YES;
				CLANG_WARN_EMPTY_BODY = YES;
				CLANG_WARN_ENUM_CONVERSION = YES;
				CLANG_WARN_INFINITE_RECURSION = YES;
				CLANG_WARN_INT_CONVERSION = YES;
				CLANG_WARN_NON_LITERAL_NULL_CONVERSION = YES;
				CLANG_WARN_OBJC_IMPLICIT_RETAIN_SELF = YES;
				CLANG_WARN_OBJC_LITERAL_CONVERSION = YES;
				CLANG_WARN_OBJC_ROOT_CLASS = YES_ERROR;
				CLANG_WARN_QUOTED_INCLUDE_IN_FRAMEWORK_HEADER = YES;
				CLANG_WARN_RANGE_LOOP_ANALYSIS = YES;
				CLANG_WARN_STRICT_PROTOTYPES = YES;
				CLANG_WARN_SUSPICIOUS_MOVE = YES;
				CLANG_WARN_UNGUARDED_AVAILABILITY = YES_AGGRESSIVE;
				CLANG_WARN_UNREACHABLE_CODE = YES;
				CLANG_WARN__DUPLICATE_METHOD_MATCH = YES;
				COPY_PHASE_STRIP = NO;
				CURRENT_PROJECT_VERSION = 1;
				DEBUG_INFORMATION_FORMAT = "dwarf-with-dsym";
				ENABLE_NS_ASSERTIONS = NO;
				ENABLE_STRICT_OBJC_MSGSEND = YES;
				GCC_C_LANGUAGE_STANDARD = gnu11;
				GCC_NO_COMMON_BLOCKS = YES;
				GCC_WARN_64_TO_32_BIT_CONVERSION = YES;
				GCC_WARN_ABOUT_RETURN_TYPE = YES_ERROR;
				GCC_WARN_UNDECLARED_SELECTOR = YES;
				GCC_WARN_UNINITIALIZED_AUTOS = YES_AGGRESSIVE;
				GCC_WARN_UNUSED_FUNCTION = YES;
				GCC_WARN_UNUSED_VARIABLE = YES;
				IPHONEOS_DEPLOYMENT_TARGET = 14.5;
				MTL_ENABLE_DEBUG_INFO = NO;
				MTL_FAST_MATH = YES;
				SDKROOT = iphoneos;
				VALIDATE_PRODUCT = YES;
				VERSIONING_SYSTEM = "apple-generic";
				VERSION_INFO_PREFIX = "";
			};
			name = Release;
		};
		0BE8652C26A85D6200F69F2D /* Debug */ = {
			isa = XCBuildConfiguration;
			buildSettings = {
				CODE_SIGN_STYLE = Automatic;
				DEFINES_MODULE = YES;
				DEVELOPMENT_TEAM = JCC32S9S9V;
				DYLIB_COMPATIBILITY_VERSION = 1;
				DYLIB_CURRENT_VERSION = 1;
				DYLIB_INSTALL_NAME_BASE = "@rpath";
				INFOPLIST_FILE = Konboarding/Shared/Info.plist;
				INSTALL_PATH = "$(LOCAL_LIBRARY_DIR)/Frameworks";
				LD_RUNPATH_SEARCH_PATHS = (
					"$(inherited)",
					"@executable_path/Frameworks",
					"@loader_path/Frameworks",
				);
				PRODUCT_BUNDLE_IDENTIFIER = developeracademy.Konboarding;
				PRODUCT_NAME = "$(TARGET_NAME:c99extidentifier)";
				SKIP_INSTALL = YES;
				TARGETED_DEVICE_FAMILY = "1,2";
			};
			name = Debug;
		};
		0BE8652D26A85D6200F69F2D /* Release */ = {
			isa = XCBuildConfiguration;
			buildSettings = {
				CODE_SIGN_STYLE = Automatic;
				DEFINES_MODULE = YES;
				DEVELOPMENT_TEAM = JCC32S9S9V;
				DYLIB_COMPATIBILITY_VERSION = 1;
				DYLIB_CURRENT_VERSION = 1;
				DYLIB_INSTALL_NAME_BASE = "@rpath";
				INFOPLIST_FILE = Konboarding/Shared/Info.plist;
				INSTALL_PATH = "$(LOCAL_LIBRARY_DIR)/Frameworks";
				LD_RUNPATH_SEARCH_PATHS = (
					"$(inherited)",
					"@executable_path/Frameworks",
					"@loader_path/Frameworks",
				);
				PRODUCT_BUNDLE_IDENTIFIER = developeracademy.Konboarding;
				PRODUCT_NAME = "$(TARGET_NAME:c99extidentifier)";
				SKIP_INSTALL = YES;
				TARGETED_DEVICE_FAMILY = "1,2";
			};
			name = Release;
		};
		0BE8654926A860A400F69F2D /* Debug */ = {
			isa = XCBuildConfiguration;
			buildSettings = {
				ASSETCATALOG_COMPILER_APPICON_NAME = AppIcon;
				ASSETCATALOG_COMPILER_GLOBAL_ACCENT_COLOR_NAME = AccentColor;
				CODE_SIGN_STYLE = Automatic;
				DEVELOPMENT_TEAM = JCC32S9S9V;
				INFOPLIST_FILE = KonboardingProject/Shared/Info.plist;
				LD_RUNPATH_SEARCH_PATHS = (
					"$(inherited)",
					"@executable_path/Frameworks",
				);
				PRODUCT_BUNDLE_IDENTIFIER = developeracademy.KonboardingProject;
				PRODUCT_NAME = "$(TARGET_NAME)";
				TARGETED_DEVICE_FAMILY = "1,2";
			};
			name = Debug;
		};
		0BE8654A26A860A400F69F2D /* Release */ = {
			isa = XCBuildConfiguration;
			buildSettings = {
				ASSETCATALOG_COMPILER_APPICON_NAME = AppIcon;
				ASSETCATALOG_COMPILER_GLOBAL_ACCENT_COLOR_NAME = AccentColor;
				CODE_SIGN_STYLE = Automatic;
				DEVELOPMENT_TEAM = JCC32S9S9V;
				INFOPLIST_FILE = KonboardingProject/Shared/Info.plist;
				LD_RUNPATH_SEARCH_PATHS = (
					"$(inherited)",
					"@executable_path/Frameworks",
				);
				PRODUCT_BUNDLE_IDENTIFIER = developeracademy.KonboardingProject;
				PRODUCT_NAME = "$(TARGET_NAME)";
				TARGETED_DEVICE_FAMILY = "1,2";
			};
			name = Release;
		};
/* End XCBuildConfiguration section */

/* Begin XCConfigurationList section */
		0BE8651D26A85D6200F69F2D /* Build configuration list for PBXProject "Konboarding" */ = {
			isa = XCConfigurationList;
			buildConfigurations = (
				0BE8652926A85D6200F69F2D /* Debug */,
				0BE8652A26A85D6200F69F2D /* Release */,
			);
			defaultConfigurationIsVisible = 0;
			defaultConfigurationName = Release;
		};
		0BE8652B26A85D6200F69F2D /* Build configuration list for PBXNativeTarget "Konboarding" */ = {
			isa = XCConfigurationList;
			buildConfigurations = (
				0BE8652C26A85D6200F69F2D /* Debug */,
				0BE8652D26A85D6200F69F2D /* Release */,
			);
			defaultConfigurationIsVisible = 0;
			defaultConfigurationName = Release;
		};
		0BE8654826A860A400F69F2D /* Build configuration list for PBXNativeTarget "KonboardingProject" */ = {
			isa = XCConfigurationList;
			buildConfigurations = (
				0BE8654926A860A400F69F2D /* Debug */,
				0BE8654A26A860A400F69F2D /* Release */,
			);
			defaultConfigurationIsVisible = 0;
			defaultConfigurationName = Release;
		};
/* End XCConfigurationList section */
	};
	rootObject = 0BE8651A26A85D6200F69F2D /* Project object */;
}
